
Microsoft Visual Studio Solution File, Format Version 12.00
# Visual Studio Version 17
VisualStudioVersion = 17.8.34511.84
MinimumVisualStudioVersion = 10.0.40219.1
Project("{FAE04EC0-301F-11D3-BF4B-00C04F79EFBC}") = "ProgramModuleHW12", "ProgramModuleHW12\ProgramModuleHW12.csproj", "{17AA0A42-51E0-43F5-8ACE-25DE177CAB48}"
EndProject
Global
	GlobalSection(SolutionConfigurationPlatforms) = preSolution
		Debug|Any CPU = Debug|Any CPU
		Release|Any CPU = Release|Any CPU
	EndGlobalSection
	GlobalSection(ProjectConfigurationPlatforms) = postSolution
		{17AA0A42-51E0-43F5-8ACE-25DE177CAB48}.Debug|Any CPU.ActiveCfg = Debug|Any CPU
		{17AA0A42-51E0-43F5-8ACE-25DE177CAB48}.Debug|Any CPU.Build.0 = Debug|Any CPU
		{17AA0A42-51E0-43F5-8ACE-25DE177CAB48}.Release|Any CPU.ActiveCfg = Release|Any CPU
		{17AA0A42-51E0-43F5-8ACE-25DE177CAB48}.Release|Any CPU.Build.0 = Release|Any CPU
	EndGlobalSection
	GlobalSection(SolutionProperties) = preSolution
		HideSolutionNode = FALSE
	EndGlobalSection
	GlobalSection(ExtensibilityGlobals) = postSolution
		SolutionGuid = {0B47F107-E905-4181-8AD1-6203A73AAE8B}
	EndGlobalSection
EndGlobal
